
Microsoft Visual Studio Solution File, Format Version 12.00
# Visual Studio Version 17
VisualStudioVersion = 17.9.34728.123
MinimumVisualStudioVersion = 10.0.40219.1
Project("{2150E333-8FDC-42A3-9474-1A3956D46DE8}") = "Tests", "Tests", "{AAD05701-E665-4A20-97F5-6460E19B8661}"
EndProject
Project("{2150E333-8FDC-42A3-9474-1A3956D46DE8}") = "Dependencies", "Dependencies", "{DAF656EE-959C-42EA-AD9F-CEAB2A45F7B2}"
EndProject
Project("{FAE04EC0-301F-11D3-BF4B-00C04F79EFBC}") = "ORMTestApp", "SimpleTestApp\ORMTestApp.csproj", "{71AB0181-B675-4DF6-B7D4-FC19400A2E8C}"
EndProject
Project("{FAE04EC0-301F-11D3-BF4B-00C04F79EFBC}") = "Catalog", "Catalog\Catalog.csproj", "{72BA8DE6-5851-42A7-85A2-F8D091D35130}"
EndProject
Project("{2150E333-8FDC-42A3-9474-1A3956D46DE8}") = "Web", "Web", "{EF0058F1-A5AF-4211-86BE-FC325B6E50E0}"
EndProject
Project("{FAE04EC0-301F-11D3-BF4B-00C04F79EFBC}") = "ECommerceWeb", "ECommerceWeb\ECommerceWeb.csproj", "{50B64695-897F-4160-B386-3C0A73B83B5C}"
EndProject
Global
	GlobalSection(SolutionConfigurationPlatforms) = preSolution
		Debug|Any CPU = Debug|Any CPU
		Release|Any CPU = Release|Any CPU
	EndGlobalSection
	GlobalSection(ProjectConfigurationPlatforms) = postSolution
		{71AB0181-B675-4DF6-B7D4-FC19400A2E8C}.Debug|Any CPU.ActiveCfg = Debug|Any CPU
		{71AB0181-B675-4DF6-B7D4-FC19400A2E8C}.Debug|Any CPU.Build.0 = Debug|Any CPU
		{71AB0181-B675-4DF6-B7D4-FC19400A2E8C}.Release|Any CPU.ActiveCfg = Release|Any CPU
		{71AB0181-B675-4DF6-B7D4-FC19400A2E8C}.Release|Any CPU.Build.0 = Release|Any CPU
		{72BA8DE6-5851-42A7-85A2-F8D091D35130}.Debug|Any CPU.ActiveCfg = Debug|Any CPU
		{72BA8DE6-5851-42A7-85A2-F8D091D35130}.Debug|Any CPU.Build.0 = Debug|Any CPU
		{72BA8DE6-5851-42A7-85A2-F8D091D35130}.Release|Any CPU.ActiveCfg = Release|Any CPU
		{72BA8DE6-5851-42A7-85A2-F8D091D35130}.Release|Any CPU.Build.0 = Release|Any CPU
		{50B64695-897F-4160-B386-3C0A73B83B5C}.Debug|Any CPU.ActiveCfg = Debug|Any CPU
		{50B64695-897F-4160-B386-3C0A73B83B5C}.Debug|Any CPU.Build.0 = Debug|Any CPU
		{50B64695-897F-4160-B386-3C0A73B83B5C}.Release|Any CPU.ActiveCfg = Release|Any CPU
		{50B64695-897F-4160-B386-3C0A73B83B5C}.Release|Any CPU.Build.0 = Release|Any CPU
	EndGlobalSection
	GlobalSection(SolutionProperties) = preSolution
		HideSolutionNode = FALSE
	EndGlobalSection
	GlobalSection(NestedProjects) = preSolution
		{71AB0181-B675-4DF6-B7D4-FC19400A2E8C} = {AAD05701-E665-4A20-97F5-6460E19B8661}
		{72BA8DE6-5851-42A7-85A2-F8D091D35130} = {DAF656EE-959C-42EA-AD9F-CEAB2A45F7B2}
		{50B64695-897F-4160-B386-3C0A73B83B5C} = {EF0058F1-A5AF-4211-86BE-FC325B6E50E0}
	EndGlobalSection
	GlobalSection(ExtensibilityGlobals) = postSolution
		SolutionGuid = {03CF5A7E-630A-4526-A5AB-5ED28F5D4E32}
	EndGlobalSection
EndGlobal
